// !$*UTF8*$!
{
	archiveVersion = 1;
	classes = {
	};
	objectVersion = 55;
	objects = {

/* Begin PBXBuildFile section */
		3E0B57F428CC8D3200C718B9 /* FeedResponse.swift in Sources */ = {isa = PBXBuildFile; fileRef = 3E0B57F328CC8D3200C718B9 /* FeedResponse.swift */; };
		3E0B57F628CC941500C718B9 /* NetworkDataFetcher.swift in Sources */ = {isa = PBXBuildFile; fileRef = 3E0B57F528CC941500C718B9 /* NetworkDataFetcher.swift */; };
		3E1FE44B28CA5A8E00CB6A7A /* AuthViewController.storyboard in Resources */ = {isa = PBXBuildFile; fileRef = 3E1FE44A28CA5A8E00CB6A7A /* AuthViewController.storyboard */; };
		3E1FE44D28CA692000CB6A7A /* FeedViewController.swift in Sources */ = {isa = PBXBuildFile; fileRef = 3E1FE44C28CA692000CB6A7A /* FeedViewController.swift */; };
		3E1FE44F28CA695D00CB6A7A /* FeedViewController.storyboard in Resources */ = {isa = PBXBuildFile; fileRef = 3E1FE44E28CA695D00CB6A7A /* FeedViewController.storyboard */; };
		3E1FE45328CA70BF00CB6A7A /* NetworkService.swift in Sources */ = {isa = PBXBuildFile; fileRef = 3E1FE45228CA70BF00CB6A7A /* NetworkService.swift */; };
		3E1FE45528CA717300CB6A7A /* API.swift in Sources */ = {isa = PBXBuildFile; fileRef = 3E1FE45428CA717300CB6A7A /* API.swift */; };
		3E77572928C885FE0075BCC9 /* AppDelegate.swift in Sources */ = {isa = PBXBuildFile; fileRef = 3E77572828C885FE0075BCC9 /* AppDelegate.swift */; };
		3E77572B28C885FE0075BCC9 /* SceneDelegate.swift in Sources */ = {isa = PBXBuildFile; fileRef = 3E77572A28C885FE0075BCC9 /* SceneDelegate.swift */; };
		3E77572D28C885FE0075BCC9 /* AuthViewController.swift in Sources */ = {isa = PBXBuildFile; fileRef = 3E77572C28C885FE0075BCC9 /* AuthViewController.swift */; };
		3E77573228C885FF0075BCC9 /* Assets.xcassets in Resources */ = {isa = PBXBuildFile; fileRef = 3E77573128C885FF0075BCC9 /* Assets.xcassets */; };
		3E77573528C885FF0075BCC9 /* LaunchScreen.storyboard in Resources */ = {isa = PBXBuildFile; fileRef = 3E77573328C885FF0075BCC9 /* LaunchScreen.storyboard */; };
		3E77573F28C887EF0075BCC9 /* VKSdkFramework.xcframework in Frameworks */ = {isa = PBXBuildFile; fileRef = 3E77573E28C887EF0075BCC9 /* VKSdkFramework.xcframework */; };
		3E77574028C887EF0075BCC9 /* VKSdkFramework.xcframework in Embed Frameworks */ = {isa = PBXBuildFile; fileRef = 3E77573E28C887EF0075BCC9 /* VKSdkFramework.xcframework */; settings = {ATTRIBUTES = (CodeSignOnCopy, RemoveHeadersOnCopy, ); }; };
		3E77574328C8A8700075BCC9 /* AuthService.swift in Sources */ = {isa = PBXBuildFile; fileRef = 3E77574228C8A8700075BCC9 /* AuthService.swift */; };
/* End PBXBuildFile section */

/* Begin PBXCopyFilesBuildPhase section */
		3E77574128C887EF0075BCC9 /* Embed Frameworks */ = {
			isa = PBXCopyFilesBuildPhase;
			buildActionMask = 2147483647;
			dstPath = "";
			dstSubfolderSpec = 10;
			files = (
				3E77574028C887EF0075BCC9 /* VKSdkFramework.xcframework in Embed Frameworks */,
			);
			name = "Embed Frameworks";
			runOnlyForDeploymentPostprocessing = 0;
		};
/* End PBXCopyFilesBuildPhase section */

/* Begin PBXFileReference section */
		3E0B57F328CC8D3200C718B9 /* FeedResponse.swift */ = {isa = PBXFileReference; lastKnownFileType = sourcecode.swift; path = FeedResponse.swift; sourceTree = "<group>"; };
		3E0B57F528CC941500C718B9 /* NetworkDataFetcher.swift */ = {isa = PBXFileReference; lastKnownFileType = sourcecode.swift; path = NetworkDataFetcher.swift; sourceTree = "<group>"; };
		3E1FE44A28CA5A8E00CB6A7A /* AuthViewController.storyboard */ = {isa = PBXFileReference; lastKnownFileType = file.storyboard; path = AuthViewController.storyboard; sourceTree = "<group>"; };
		3E1FE44C28CA692000CB6A7A /* FeedViewController.swift */ = {isa = PBXFileReference; lastKnownFileType = sourcecode.swift; path = FeedViewController.swift; sourceTree = "<group>"; };
		3E1FE44E28CA695D00CB6A7A /* FeedViewController.storyboard */ = {isa = PBXFileReference; lastKnownFileType = file.storyboard; path = FeedViewController.storyboard; sourceTree = "<group>"; };
		3E1FE45228CA70BF00CB6A7A /* NetworkService.swift */ = {isa = PBXFileReference; lastKnownFileType = sourcecode.swift; path = NetworkService.swift; sourceTree = "<group>"; };
		3E1FE45428CA717300CB6A7A /* API.swift */ = {isa = PBXFileReference; lastKnownFileType = sourcecode.swift; path = API.swift; sourceTree = "<group>"; };
		3E77572528C885FE0075BCC9 /* VKSDKFeeds.app */ = {isa = PBXFileReference; explicitFileType = wrapper.application; includeInIndex = 0; path = VKSDKFeeds.app; sourceTree = BUILT_PRODUCTS_DIR; };
		3E77572828C885FE0075BCC9 /* AppDelegate.swift */ = {isa = PBXFileReference; lastKnownFileType = sourcecode.swift; path = AppDelegate.swift; sourceTree = "<group>"; };
		3E77572A28C885FE0075BCC9 /* SceneDelegate.swift */ = {isa = PBXFileReference; lastKnownFileType = sourcecode.swift; path = SceneDelegate.swift; sourceTree = "<group>"; };
		3E77572C28C885FE0075BCC9 /* AuthViewController.swift */ = {isa = PBXFileReference; lastKnownFileType = sourcecode.swift; path = AuthViewController.swift; sourceTree = "<group>"; };
		3E77573128C885FF0075BCC9 /* Assets.xcassets */ = {isa = PBXFileReference; lastKnownFileType = folder.assetcatalog; path = Assets.xcassets; sourceTree = "<group>"; };
		3E77573428C885FF0075BCC9 /* Base */ = {isa = PBXFileReference; lastKnownFileType = file.storyboard; name = Base; path = Base.lproj/LaunchScreen.storyboard; sourceTree = "<group>"; };
		3E77573628C885FF0075BCC9 /* Info.plist */ = {isa = PBXFileReference; lastKnownFileType = text.plist.xml; path = Info.plist; sourceTree = "<group>"; };
		3E77573E28C887EF0075BCC9 /* VKSdkFramework.xcframework */ = {isa = PBXFileReference; lastKnownFileType = wrapper.xcframework; name = VKSdkFramework.xcframework; path = Carthage/Build/VKSdkFramework.xcframework; sourceTree = "<group>"; };
		3E77574228C8A8700075BCC9 /* AuthService.swift */ = {isa = PBXFileReference; lastKnownFileType = sourcecode.swift; path = AuthService.swift; sourceTree = "<group>"; };
/* End PBXFileReference section */

/* Begin PBXFrameworksBuildPhase section */
		3E77572228C885FE0075BCC9 /* Frameworks */ = {
			isa = PBXFrameworksBuildPhase;
			buildActionMask = 2147483647;
			files = (
				3E77573F28C887EF0075BCC9 /* VKSdkFramework.xcframework in Frameworks */,
			);
			runOnlyForDeploymentPostprocessing = 0;
		};
/* End PBXFrameworksBuildPhase section */

/* Begin PBXGroup section */
		3E0B57F228CC8D1200C718B9 /* Models */ = {
			isa = PBXGroup;
			children = (
				3E0B57F328CC8D3200C718B9 /* FeedResponse.swift */,
			);
			path = Models;
			sourceTree = "<group>";
		};
		3E1FE45028CA6A2400CB6A7A /* FeedViewController */ = {
			isa = PBXGroup;
			children = (
				3E1FE44C28CA692000CB6A7A /* FeedViewController.swift */,
				3E1FE44E28CA695D00CB6A7A /* FeedViewController.storyboard */,
			);
			path = FeedViewController;
			sourceTree = "<group>";
		};
		3E1FE45128CA6A4D00CB6A7A /* Auth */ = {
			isa = PBXGroup;
			children = (
				3E1FE44A28CA5A8E00CB6A7A /* AuthViewController.storyboard */,
				3E77572C28C885FE0075BCC9 /* AuthViewController.swift */,
			);
			path = Auth;
			sourceTree = "<group>";
		};
		3E77571C28C885FE0075BCC9 = {
			isa = PBXGroup;
			children = (
				3E77572728C885FE0075BCC9 /* VKSDKFeeds */,
				3E77572628C885FE0075BCC9 /* Products */,
				3E77573D28C887EF0075BCC9 /* Frameworks */,
			);
			sourceTree = "<group>";
		};
		3E77572628C885FE0075BCC9 /* Products */ = {
			isa = PBXGroup;
			children = (
				3E77572528C885FE0075BCC9 /* VKSDKFeeds.app */,
			);
			name = Products;
			sourceTree = "<group>";
		};
		3E77572728C885FE0075BCC9 /* VKSDKFeeds */ = {
			isa = PBXGroup;
			children = (
				3E77572828C885FE0075BCC9 /* AppDelegate.swift */,
				3E77572A28C885FE0075BCC9 /* SceneDelegate.swift */,
				3E1FE45128CA6A4D00CB6A7A /* Auth */,
				3E1FE45028CA6A2400CB6A7A /* FeedViewController */,
				3E77574428C8A88A0075BCC9 /* Services */,
				3E77573128C885FF0075BCC9 /* Assets.xcassets */,
				3E77573328C885FF0075BCC9 /* LaunchScreen.storyboard */,
				3E77573628C885FF0075BCC9 /* Info.plist */,
			);
			path = VKSDKFeeds;
			sourceTree = "<group>";
		};
		3E77573D28C887EF0075BCC9 /* Frameworks */ = {
			isa = PBXGroup;
			children = (
				3E77573E28C887EF0075BCC9 /* VKSdkFramework.xcframework */,
			);
			name = Frameworks;
			sourceTree = "<group>";
		};
		3E77574428C8A88A0075BCC9 /* Services */ = {
			isa = PBXGroup;
			children = (
				3E0B57F228CC8D1200C718B9 /* Models */,
				3E77574228C8A8700075BCC9 /* AuthService.swift */,
				3E1FE45228CA70BF00CB6A7A /* NetworkService.swift */,
				3E0B57F528CC941500C718B9 /* NetworkDataFetcher.swift */,
				3E1FE45428CA717300CB6A7A /* API.swift */,
			);
			path = Services;
			sourceTree = "<group>";
		};
/* End PBXGroup section */

/* Begin PBXNativeTarget section */
		3E77572428C885FE0075BCC9 /* VKSDKFeeds */ = {
			isa = PBXNativeTarget;
			buildConfigurationList = 3E77573928C885FF0075BCC9 /* Build configuration list for PBXNativeTarget "VKSDKFeeds" */;
			buildPhases = (
				3E77572128C885FE0075BCC9 /* Sources */,
				3E77572228C885FE0075BCC9 /* Frameworks */,
				3E77572328C885FE0075BCC9 /* Resources */,
				3E77573C28C887270075BCC9 /* ShellScript */,
				3E77574128C887EF0075BCC9 /* Embed Frameworks */,
			);
			buildRules = (
			);
			dependencies = (
			);
			name = VKSDKFeeds;
			productName = VKSDKFeeds;
			productReference = 3E77572528C885FE0075BCC9 /* VKSDKFeeds.app */;
			productType = "com.apple.product-type.application";
		};
/* End PBXNativeTarget section */

/* Begin PBXProject section */
		3E77571D28C885FE0075BCC9 /* Project object */ = {
			isa = PBXProject;
			attributes = {
				BuildIndependentTargetsInParallel = 1;
				LastSwiftUpdateCheck = 1340;
				LastUpgradeCheck = 1340;
				TargetAttributes = {
					3E77572428C885FE0075BCC9 = {
						CreatedOnToolsVersion = 13.4.1;
					};
				};
			};
			buildConfigurationList = 3E77572028C885FE0075BCC9 /* Build configuration list for PBXProject "VKSDKFeeds" */;
			compatibilityVersion = "Xcode 13.0";
			developmentRegion = en;
			hasScannedForEncodings = 0;
			knownRegions = (
				en,
				Base,
			);
			mainGroup = 3E77571C28C885FE0075BCC9;
			productRefGroup = 3E77572628C885FE0075BCC9 /* Products */;
			projectDirPath = "";
			projectRoot = "";
			targets = (
				3E77572428C885FE0075BCC9 /* VKSDKFeeds */,
			);
		};
/* End PBXProject section */

/* Begin PBXResourcesBuildPhase section */
		3E77572328C885FE0075BCC9 /* Resources */ = {
			isa = PBXResourcesBuildPhase;
			buildActionMask = 2147483647;
			files = (
				3E77573528C885FF0075BCC9 /* LaunchScreen.storyboard in Resources */,
				3E1FE44B28CA5A8E00CB6A7A /* AuthViewController.storyboard in Resources */,
				3E77573228C885FF0075BCC9 /* Assets.xcassets in Resources */,
				3E1FE44F28CA695D00CB6A7A /* FeedViewController.storyboard in Resources */,
			);
			runOnlyForDeploymentPostprocessing = 0;
		};
/* End PBXResourcesBuildPhase section */

/* Begin PBXShellScriptBuildPhase section */
		3E77573C28C887270075BCC9 /* ShellScript */ = {
			isa = PBXShellScriptBuildPhase;
			alwaysOutOfDate = 1;
			buildActionMask = 2147483647;
			files = (
			);
			inputFileListPaths = (
			);
			inputPaths = (
				"$(SRCROOT)/Carthage/Build/iOS/VKSdkFramework.framework",
			);
			outputFileListPaths = (
			);
			outputPaths = (
			);
			runOnlyForDeploymentPostprocessing = 0;
			shellPath = /bin/sh;
			shellScript = "/usr/local/bin/carthage copy-frameworks\n";
		};
/* End PBXShellScriptBuildPhase section */

/* Begin PBXSourcesBuildPhase section */
		3E77572128C885FE0075BCC9 /* Sources */ = {
			isa = PBXSourcesBuildPhase;
			buildActionMask = 2147483647;
			files = (
				3E0B57F428CC8D3200C718B9 /* FeedResponse.swift in Sources */,
				3E77572D28C885FE0075BCC9 /* AuthViewController.swift in Sources */,
				3E77572928C885FE0075BCC9 /* AppDelegate.swift in Sources */,
				3E1FE44D28CA692000CB6A7A /* FeedViewController.swift in Sources */,
				3E77572B28C885FE0075BCC9 /* SceneDelegate.swift in Sources */,
				3E1FE45328CA70BF00CB6A7A /* NetworkService.swift in Sources */,
				3E0B57F628CC941500C718B9 /* NetworkDataFetcher.swift in Sources */,
				3E77574328C8A8700075BCC9 /* AuthService.swift in Sources */,
				3E1FE45528CA717300CB6A7A /* API.swift in Sources */,
			);
			runOnlyForDeploymentPostprocessing = 0;
		};
/* End PBXSourcesBuildPhase section */

/* Begin PBXVariantGroup section */
		3E77573328C885FF0075BCC9 /* LaunchScreen.storyboard */ = {
			isa = PBXVariantGroup;
			children = (
				3E77573428C885FF0075BCC9 /* Base */,
			);
			name = LaunchScreen.storyboard;
			sourceTree = "<group>";
		};
/* End PBXVariantGroup section */

/* Begin XCBuildConfiguration section */
		3E77573728C885FF0075BCC9 /* Debug */ = {
			isa = XCBuildConfiguration;
			buildSettings = {
				ALWAYS_SEARCH_USER_PATHS = NO;
				CLANG_ANALYZER_NONNULL = YES;
				CLANG_ANALYZER_NUMBER_OBJECT_CONVERSION = YES_AGGRESSIVE;
				CLANG_CXX_LANGUAGE_STANDARD = "gnu++17";
				CLANG_ENABLE_MODULES = YES;
				CLANG_ENABLE_OBJC_ARC = YES;
				CLANG_ENABLE_OBJC_WEAK = YES;
				CLANG_WARN_BLOCK_CAPTURE_AUTORELEASING = YES;
				CLANG_WARN_BOOL_CONVERSION = YES;
				CLANG_WARN_COMMA = YES;
				CLANG_WARN_CONSTANT_CONVERSION = YES;
				CLANG_WARN_DEPRECATED_OBJC_IMPLEMENTATIONS = YES;
				CLANG_WARN_DIRECT_OBJC_ISA_USAGE = YES_ERROR;
				CLANG_WARN_DOCUMENTATION_COMMENTS = YES;
				CLANG_WARN_EMPTY_BODY = YES;
				CLANG_WARN_ENUM_CONVERSION = YES;
				CLANG_WARN_INFINITE_RECURSION = YES;
				CLANG_WARN_INT_CONVERSION = YES;
				CLANG_WARN_NON_LITERAL_NULL_CONVERSION = YES;
				CLANG_WARN_OBJC_IMPLICIT_RETAIN_SELF = YES;
				CLANG_WARN_OBJC_LITERAL_CONVERSION = YES;
				CLANG_WARN_OBJC_ROOT_CLASS = YES_ERROR;
				CLANG_WARN_QUOTED_INCLUDE_IN_FRAMEWORK_HEADER = YES;
				CLANG_WARN_RANGE_LOOP_ANALYSIS = YES;
				CLANG_WARN_STRICT_PROTOTYPES = YES;
				CLANG_WARN_SUSPICIOUS_MOVE = YES;
				CLANG_WARN_UNGUARDED_AVAILABILITY = YES_AGGRESSIVE;
				CLANG_WARN_UNREACHABLE_CODE = YES;
				CLANG_WARN__DUPLICATE_METHOD_MATCH = YES;
				COPY_PHASE_STRIP = NO;
				DEBUG_INFORMATION_FORMAT = dwarf;
				ENABLE_STRICT_OBJC_MSGSEND = YES;
				ENABLE_TESTABILITY = YES;
				GCC_C_LANGUAGE_STANDARD = gnu11;
				GCC_DYNAMIC_NO_PIC = NO;
				GCC_NO_COMMON_BLOCKS = YES;
				GCC_OPTIMIZATION_LEVEL = 0;
				GCC_PREPROCESSOR_DEFINITIONS = (
					"DEBUG=1",
					"$(inherited)",
				);
				GCC_WARN_64_TO_32_BIT_CONVERSION = YES;
				GCC_WARN_ABOUT_RETURN_TYPE = YES_ERROR;
				GCC_WARN_UNDECLARED_SELECTOR = YES;
				GCC_WARN_UNINITIALIZED_AUTOS = YES_AGGRESSIVE;
				GCC_WARN_UNUSED_FUNCTION = YES;
				GCC_WARN_UNUSED_VARIABLE = YES;
				IPHONEOS_DEPLOYMENT_TARGET = 15.5;
				MTL_ENABLE_DEBUG_INFO = INCLUDE_SOURCE;
				MTL_FAST_MATH = YES;
				ONLY_ACTIVE_ARCH = YES;
				SDKROOT = iphoneos;
				SWIFT_ACTIVE_COMPILATION_CONDITIONS = DEBUG;
				SWIFT_OPTIMIZATION_LEVEL = "-Onone";
			};
			name = Debug;
		};
		3E77573828C885FF0075BCC9 /* Release */ = {
			isa = XCBuildConfiguration;
			buildSettings = {
				ALWAYS_SEARCH_USER_PATHS = NO;
				CLANG_ANALYZER_NONNULL = YES;
				CLANG_ANALYZER_NUMBER_OBJECT_CONVERSION = YES_AGGRESSIVE;
				CLANG_CXX_LANGUAGE_STANDARD = "gnu++17";
				CLANG_ENABLE_MODULES = YES;
				CLANG_ENABLE_OBJC_ARC = YES;
				CLANG_ENABLE_OBJC_WEAK = YES;
				CLANG_WARN_BLOCK_CAPTURE_AUTORELEASING = YES;
				CLANG_WARN_BOOL_CONVERSION = YES;
				CLANG_WARN_COMMA = YES;
				CLANG_WARN_CONSTANT_CONVERSION = YES;
				CLANG_WARN_DEPRECATED_OBJC_IMPLEMENTATIONS = YES;
				CLANG_WARN_DIRECT_OBJC_ISA_USAGE = YES_ERROR;
				CLANG_WARN_DOCUMENTATION_COMMENTS = YES;
				CLANG_WARN_EMPTY_BODY = YES;
				CLANG_WARN_ENUM_CONVERSION = YES;
				CLANG_WARN_INFINITE_RECURSION = YES;
				CLANG_WARN_INT_CONVERSION = YES;
				CLANG_WARN_NON_LITERAL_NULL_CONVERSION = YES;
				CLANG_WARN_OBJC_IMPLICIT_RETAIN_SELF = YES;
				CLANG_WARN_OBJC_LITERAL_CONVERSION = YES;
				CLANG_WARN_OBJC_ROOT_CLASS = YES_ERROR;
				CLANG_WARN_QUOTED_INCLUDE_IN_FRAMEWORK_HEADER = YES;
				CLANG_WARN_RANGE_LOOP_ANALYSIS = YES;
				CLANG_WARN_STRICT_PROTOTYPES = YES;
				CLANG_WARN_SUSPICIOUS_MOVE = YES;
				CLANG_WARN_UNGUARDED_AVAILABILITY = YES_AGGRESSIVE;
				CLANG_WARN_UNREACHABLE_CODE = YES;
				CLANG_WARN__DUPLICATE_METHOD_MATCH = YES;
				COPY_PHASE_STRIP = NO;
				DEBUG_INFORMATION_FORMAT = "dwarf-with-dsym";
				ENABLE_NS_ASSERTIONS = NO;
				ENABLE_STRICT_OBJC_MSGSEND = YES;
				GCC_C_LANGUAGE_STANDARD = gnu11;
				GCC_NO_COMMON_BLOCKS = YES;
				GCC_WARN_64_TO_32_BIT_CONVERSION = YES;
				GCC_WARN_ABOUT_RETURN_TYPE = YES_ERROR;
				GCC_WARN_UNDECLARED_SELECTOR = YES;
				GCC_WARN_UNINITIALIZED_AUTOS = YES_AGGRESSIVE;
				GCC_WARN_UNUSED_FUNCTION = YES;
				GCC_WARN_UNUSED_VARIABLE = YES;
				IPHONEOS_DEPLOYMENT_TARGET = 15.5;
				MTL_ENABLE_DEBUG_INFO = NO;
				MTL_FAST_MATH = YES;
				SDKROOT = iphoneos;
				SWIFT_COMPILATION_MODE = wholemodule;
				SWIFT_OPTIMIZATION_LEVEL = "-O";
				VALIDATE_PRODUCT = YES;
			};
			name = Release;
		};
		3E77573A28C885FF0075BCC9 /* Debug */ = {
			isa = XCBuildConfiguration;
			buildSettings = {
				ASSETCATALOG_COMPILER_APPICON_NAME = AppIcon;
				ASSETCATALOG_COMPILER_GLOBAL_ACCENT_COLOR_NAME = AccentColor;
				CODE_SIGN_STYLE = Automatic;
				CURRENT_PROJECT_VERSION = 1;
				DEVELOPMENT_TEAM = GXFWFBC9BM;
				GENERATE_INFOPLIST_FILE = YES;
				INFOPLIST_FILE = VKSDKFeeds/Info.plist;
				INFOPLIST_KEY_UIApplicationSupportsIndirectInputEvents = YES;
				INFOPLIST_KEY_UILaunchStoryboardName = LaunchScreen;
				INFOPLIST_KEY_UISupportedInterfaceOrientations_iPad = "UIInterfaceOrientationPortrait UIInterfaceOrientationPortraitUpsideDown UIInterfaceOrientationLandscapeLeft UIInterfaceOrientationLandscapeRight";
				INFOPLIST_KEY_UISupportedInterfaceOrientations_iPhone = "UIInterfaceOrientationPortrait UIInterfaceOrientationLandscapeLeft UIInterfaceOrientationLandscapeRight";
				LD_RUNPATH_SEARCH_PATHS = (
					"$(inherited)",
					"@executable_path/Frameworks",
				);
				MARKETING_VERSION = 1.0;
				PRODUCT_BUNDLE_IDENTIFIER = insomnia.VKSDKFeeds;
				PRODUCT_NAME = "$(TARGET_NAME)";
				SWIFT_EMIT_LOC_STRINGS = YES;
				SWIFT_VERSION = 5.0;
				TARGETED_DEVICE_FAMILY = "1,2";
			};
			name = Debug;
		};
		3E77573B28C885FF0075BCC9 /* Release */ = {
			isa = XCBuildConfiguration;
			buildSettings = {
				ASSETCATALOG_COMPILER_APPICON_NAME = AppIcon;
				ASSETCATALOG_COMPILER_GLOBAL_ACCENT_COLOR_NAME = AccentColor;
				CODE_SIGN_STYLE = Automatic;
				CURRENT_PROJECT_VERSION = 1;
				DEVELOPMENT_TEAM = GXFWFBC9BM;
				GENERATE_INFOPLIST_FILE = YES;
				INFOPLIST_FILE = VKSDKFeeds/Info.plist;
				INFOPLIST_KEY_UIApplicationSupportsIndirectInputEvents = YES;
				INFOPLIST_KEY_UILaunchStoryboardName = LaunchScreen;
				INFOPLIST_KEY_UISupportedInterfaceOrientations_iPad = "UIInterfaceOrientationPortrait UIInterfaceOrientationPortraitUpsideDown UIInterfaceOrientationLandscapeLeft UIInterfaceOrientationLandscapeRight";
				INFOPLIST_KEY_UISupportedInterfaceOrientations_iPhone = "UIInterfaceOrientationPortrait UIInterfaceOrientationLandscapeLeft UIInterfaceOrientationLandscapeRight";
				LD_RUNPATH_SEARCH_PATHS = (
					"$(inherited)",
					"@executable_path/Frameworks",
				);
				MARKETING_VERSION = 1.0;
				PRODUCT_BUNDLE_IDENTIFIER = insomnia.VKSDKFeeds;
				PRODUCT_NAME = "$(TARGET_NAME)";
				SWIFT_EMIT_LOC_STRINGS = YES;
				SWIFT_VERSION = 5.0;
				TARGETED_DEVICE_FAMILY = "1,2";
			};
			name = Release;
		};
/* End XCBuildConfiguration section */

/* Begin XCConfigurationList section */
		3E77572028C885FE0075BCC9 /* Build configuration list for PBXProject "VKSDKFeeds" */ = {
			isa = XCConfigurationList;
			buildConfigurations = (
				3E77573728C885FF0075BCC9 /* Debug */,
				3E77573828C885FF0075BCC9 /* Release */,
			);
			defaultConfigurationIsVisible = 0;
			defaultConfigurationName = Release;
		};
		3E77573928C885FF0075BCC9 /* Build configuration list for PBXNativeTarget "VKSDKFeeds" */ = {
			isa = XCConfigurationList;
			buildConfigurations = (
				3E77573A28C885FF0075BCC9 /* Debug */,
				3E77573B28C885FF0075BCC9 /* Release */,
			);
			defaultConfigurationIsVisible = 0;
			defaultConfigurationName = Release;
		};
/* End XCConfigurationList section */
	};
	rootObject = 3E77571D28C885FE0075BCC9 /* Project object */;
}
